hash: 6dbb49bb4571d4be3a38de207fd1ca44943854db39c7bc57886ab4829111fa3b
updated: 2017-09-01T21:57:24.984980003+03:00
imports:
- name: cloud.google.com/go
  version: 0f0b8420cb699ac4ce059c63bac263f4301fe95b
  subpackages:
  - '...'
  - compute/metadata
  - iam
  - internal
  - internal/optional
  - internal/version
  - storage
- name: git.apache.org/thrift.git
  version: 0dd823580c78a79ae9696eb9b3650e400fff140f
  subpackages:
  - lib/go/thrift
- name: github.com/boltdb/bolt
  version: 2f1ce7a837dcb8da3ec595b1dac9d0632f0f99e8
- name: github.com/dgrijalva/jwt-go
  version: a539ee1a749a2b895533f979515ac7e6e0f5b650
- name: github.com/docker/go
  version: d30aec9fd63c35133f8f79c3412ad91a3b08be06
  subpackages:
  - canonical/json
- name: github.com/go-kit/kit
  version: f7593d19082ad15f6376f12c746d71d680aa1666
  subpackages:
  - endpoint
  - log
  - log/level
  - transport/grpc
- name: github.com/go-logfmt/logfmt
  version: 390ab7935ee28ec6b286364bba9b4dd6410cb3d5
- name: github.com/go-stack/stack
  version: 817915b46b97fd7bb80e8ab6b69f01a53ac3eebf
- name: github.com/golang/protobuf
  version: 5afd06f9d81a86d6e3bb7dc702d6bd148ea3ff23
  subpackages:
  - proto
  - protoc-gen-go/descriptor
  - ptypes
  - ptypes/any
  - ptypes/duration
  - ptypes/timestamp
- name: github.com/google/uuid
  version: 064e2069ce9c359c118179501254f67d7d37ba24
- name: github.com/googleapis/gax-go
  version: 2cadd475a3e966ec9b77a21afc530dbacec6d613
- name: github.com/groob/goxar
  version: 908d7dee5b14b7157e77d16fef6fa7e33fbcb3d7
- name: github.com/kolide/agent-api
  version: f94ad0917bd4bed7134e310e1354011c520a0243
  repo: git@github.com:kolide/agent-api.git
- name: github.com/kolide/kit
  version: 65836196b611159ee343be3cc9c856b2e5818276
  repo: git@github.com:kolide/kit.git
  subpackages:
  - env
  - testutil
  - version
- name: github.com/kolide/osquery-go
  version: 8c8fd2cb76a1ab5f8feb631826bd832e22df1005
  subpackages:
  - gen/osquery
  - gen/osquery/mock
  - plugin/config
  - plugin/distributed
  - plugin/logger
  - plugin/table
- name: github.com/kolide/updater
  version: d0f71da33f898dbbfdceb6e91237d890c5e5e8df
  repo: git@github.com:kolide/updater.git
  subpackages:
  - tuf
- name: github.com/kr/logfmt
  version: b84e30acd515aadc4b783ad4ff83aff3299bdfe0
- name: github.com/mixer/clock
  version: b08e6b4da7ea8c03e0f0c47fd549d801f52a3019
- name: github.com/pkg/errors
  version: c605e284fe17294bda444b34710735b29d1a9d90
- name: github.com/WatchBeam/clock
  version: b08e6b4da7ea8c03e0f0c47fd549d801f52a3019
- name: golang.org/x/crypto
  version: 81e90905daefcd6fd217b62423c0908922eadb30
  subpackages:
  - cast5
  - openpgp
  - openpgp/armor
  - openpgp/clearsign
  - openpgp/elgamal
  - openpgp/errors
  - openpgp/packet
  - openpgp/s2k
- name: golang.org/x/net
  version: 66aacef3dd8a676686c7ae3716979581e8b03c47
  subpackages:
  - context
  - context/ctxhttp
  - http2
  - http2/hpack
  - idna
  - internal/timeseries
  - lex/httplex
  - trace
- name: golang.org/x/oauth2
  version: 3d1522b2688977b7f4598d1f28b5e147c41640e7
  subpackages:
  - google
  - internal
  - jws
  - jwt
- name: golang.org/x/sys
  version: 7ddbeae9ae08c6a06a59597f0c9edbc5ff2444ce
  subpackages:
  - unix
- name: golang.org/x/text
  version: bd91bbf73e9a4a801adbfb97133c992678533126
  subpackages:
  - secure/bidirule
  - transform
  - unicode/bidi
  - unicode/norm
- name: golang.org/x/time
  version: 8be79e1e0910c292df4e79c241bb7e8f7e725959
  subpackages:
  - rate
- name: google.golang.org/api
  version: 955a3ae66b420f3adc0d77da3d8ed767a74e2b4f
  subpackages:
  - gensupport
  - googleapi
  - googleapi/internal/uritemplates
  - googleapi/transport
  - internal
  - iterator
  - option
  - storage/v1
  - transport/http
- name: google.golang.org/appengine
  version: d9a072cfa7b9736e44311ef77b3e09d804bfa599
  subpackages:
  - internal
  - internal/app_identity
  - internal/base
  - internal/datastore
  - internal/log
  - internal/modules
  - internal/remote_api
  - internal/urlfetch
  - urlfetch
- name: google.golang.org/genproto
  version: ee236bd376b077c7a89f260c026c4735b195e459
  subpackages:
  - googleapis/api/annotations
  - googleapis/iam/v1
  - googleapis/rpc/status
- name: google.golang.org/grpc
  version: 8233e124e4634a8313f2c9a1ea7d4db33546b11b
  subpackages:
  - balancer
  - codes
  - connectivity
  - credentials
  - grpclb/grpc_lb_v1/messages
  - grpclog
  - internal
  - keepalive
  - metadata
  - naming
  - peer
  - resolver
  - stats
  - status
  - tap
  - transport
- name: pault.ag/go/debian
  version: 247d411992777dbb91b2ff8cf344824d08ed4b7d
  subpackages:
  - control
  - deb
  - dependency
  - internal
  - transput
  - version
- name: pault.ag/go/topsort
  version: f98d2ad46e1adcbf8fa59a95a3b5509a7da9c6b5
- name: xi2.org/x/xz
  version: 19aeb13c4e7cb6bd3188dfede73840f33455425a
testImports:
- name: github.com/davecgh/go-spew
  version: 04cdfd42973bb9c8589fd6a731800cf222fde1a9
  subpackages:
  - spew
- name: github.com/pmezard/go-difflib
  version: d8ed2627bdf02c080bf22230dbb337003b7aba2d
  subpackages:
  - difflib
- name: github.com/stretchr/testify
  version: 890a5c3458b43e6104ff5da8dfa139d013d77544
  subpackages:
  - assert
  - require
