hash: cae447fb01c81f6fd985f46324603c2fa57b6ad9482e2b946393cac255053bb8
updated: 2017-08-03T17:46:50.671578064-04:00
imports:
- name: git.apache.org/thrift.git
  version: 0dd823580c78a79ae9696eb9b3650e400fff140f
  subpackages:
  - lib/go/thrift
- name: github.com/boltdb/bolt
  version: 2f1ce7a837dcb8da3ec595b1dac9d0632f0f99e8
- name: github.com/dgrijalva/jwt-go
  version: a539ee1a749a2b895533f979515ac7e6e0f5b650
- name: github.com/docker/go
  version: d30aec9fd63c35133f8f79c3412ad91a3b08be06
  subpackages:
  - canonical/json
- name: github.com/go-kit/kit
  version: 19463ea8b215413a29c3513aa3a76181f4bac58d
  subpackages:
  - endpoint
  - log
  - log/level
  - transport/grpc
- name: github.com/go-logfmt/logfmt
  version: 390ab7935ee28ec6b286364bba9b4dd6410cb3d5
- name: github.com/go-stack/stack
  version: 817915b46b97fd7bb80e8ab6b69f01a53ac3eebf
- name: github.com/golang/protobuf
  version: 748d386b5c1ea99658fd69fe9f03991ce86a90c1
  subpackages:
  - proto
  - ptypes
  - ptypes/any
  - ptypes/duration
  - ptypes/timestamp
- name: github.com/google/uuid
  version: 064e2069ce9c359c118179501254f67d7d37ba24
- name: github.com/kolide/agent-api
  version: 9de61790e3e57187ae0485ce38c7598d61bbe446
  repo: git@github.com:kolide/agent-api.git
- name: github.com/kolide/kit
  version: 65836196b611159ee343be3cc9c856b2e5818276
  repo: git@github.com:kolide/kit.git
  subpackages:
  - env
  - testutil
  - version
- name: github.com/kolide/osquery-go
  version: 7ceba810d60e0fca30437253bc33717a30698021
  subpackages:
  - gen/osquery
  - plugin/config
  - plugin/distributed
  - plugin/logger
  - plugin/table
- name: github.com/kolide/updater
  version: 8ff71420c45f358475e14c5c8ddf340a1985c71f
  repo: git@github.com:kolide/updater.git
  subpackages:
  - tuf
- name: github.com/kr/logfmt
  version: b84e30acd515aadc4b783ad4ff83aff3299bdfe0
- name: github.com/mixer/clock
  version: ac3776ffbf764bc40bda24e84184146865d0a46d
- name: github.com/pkg/errors
  version: 645ef00459ed84a119197bfb8d8205042c6df63d
- name: golang.org/x/net
  version: f5079bd7f6f74e23c4d65efa0f4ce14cbd6a3c0f
  subpackages:
  - context
  - http2
  - http2/hpack
  - idna
  - internal/timeseries
  - lex/httplex
  - trace
- name: golang.org/x/sys
  version: 396c9fc8fb0ce27fc7a1ff136dc5af797bba258a
  subpackages:
  - unix
- name: golang.org/x/text
  version: 3bd178b88a8180be2df394a1fbb81313916f0e7b
  subpackages:
  - secure/bidirule
  - transform
  - unicode/bidi
  - unicode/norm
- name: golang.org/x/time
  version: 8be79e1e0910c292df4e79c241bb7e8f7e725959
  subpackages:
  - rate
- name: google.golang.org/genproto
  version: 09f6ed296fc66555a25fe4ce95173148778dfa85
  subpackages:
  - googleapis/rpc/status
- name: google.golang.org/grpc
  version: fa1cb32dc4f81e23ab862dd5e7ac4f2920a33088
  subpackages:
  - codes
  - credentials
  - grpclb/grpc_lb_v1
  - grpclog
  - internal
  - keepalive
  - metadata
  - naming
  - peer
  - stats
  - status
  - tap
  - transport
testImports:
- name: github.com/davecgh/go-spew
  version: 6d212800a42e8ab5c146b8ace3490ee17e5225f9
  subpackages:
  - spew
- name: github.com/pmezard/go-difflib
  version: d8ed2627bdf02c080bf22230dbb337003b7aba2d
  subpackages:
  - difflib
- name: github.com/stretchr/testify
  version: 69483b4bd14f5845b5a1e55bca19e954e827f1d0
  subpackages:
  - assert
  - require
